// !$*UTF8*$!
{
	archiveVersion = 1;
	classes = {
	};
	objectVersion = 46;
	objects = {

/* Begin PBXBuildFile section */
		4F1A2AC919A45931001AAB94 /* bullet_cannon2.png in Resources */ = {isa = PBXBuildFile; fileRef = 4F1A2AC619A45931001AAB94 /* bullet_cannon2.png */; };
		4F1A2ACA19A45931001AAB94 /* bullet_default2.png in Resources */ = {isa = PBXBuildFile; fileRef = 4F1A2AC719A45931001AAB94 /* bullet_default2.png */; };
		4F1A2ACB19A45931001AAB94 /* bullet_machinegun2.png in Resources */ = {isa = PBXBuildFile; fileRef = 4F1A2AC819A45931001AAB94 /* bullet_machinegun2.png */; };
		4F1A2ACF19A46D7E001AAB94 /* cloud1.png in Resources */ = {isa = PBXBuildFile; fileRef = 4F1A2ACC19A46D7E001AAB94 /* cloud1.png */; };
		4F1A2AD019A46D7E001AAB94 /* cloud2.png in Resources */ = {isa = PBXBuildFile; fileRef = 4F1A2ACD19A46D7E001AAB94 /* cloud2.png */; };
		4F1A2AD119A46D7E001AAB94 /* floor.png in Resources */ = {isa = PBXBuildFile; fileRef = 4F1A2ACE19A46D7E001AAB94 /* floor.png */; };
		4F1A2AD419A46D9E001AAB94 /* KLBBackgroundView.m in Sources */ = {isa = PBXBuildFile; fileRef = 4F1A2AD319A46D9E001AAB94 /* KLBBackgroundView.m */; };
		4F1A2AD619A47828001AAB94 /* QuartzCore.framework in Frameworks */ = {isa = PBXBuildFile; fileRef = 4F1A2AD519A47828001AAB94 /* QuartzCore.framework */; };
		4F1A2AD919A4785A001AAB94 /* KLBCloudView.m in Sources */ = {isa = PBXBuildFile; fileRef = 4F1A2AD819A4785A001AAB94 /* KLBCloudView.m */; };
		4F1A2ADB19A48C3D001AAB94 /* OCRAStd.otf in Resources */ = {isa = PBXBuildFile; fileRef = 4F1A2ADA19A48C3D001AAB94 /* OCRAStd.otf */; };
		4F1A2AE019A49062001AAB94 /* AudioToolbox.framework in Frameworks */ = {isa = PBXBuildFile; fileRef = 4F1A2ADF19A49062001AAB94 /* AudioToolbox.framework */; };
		4F1A2AE219A493A3001AAB94 /* AVFoundation.framework in Frameworks */ = {isa = PBXBuildFile; fileRef = 4F1A2AE119A493A3001AAB94 /* AVFoundation.framework */; };
		4F1A2AE419A495CB001AAB94 /* laser.aifc in Resources */ = {isa = PBXBuildFile; fileRef = 4F1A2AE319A495CB001AAB94 /* laser.aifc */; };
		4F1A2AE719A49EA1001AAB94 /* KLBConstants.m in Sources */ = {isa = PBXBuildFile; fileRef = 4F1A2AE619A49EA1001AAB94 /* KLBConstants.m */; };
		4F58729F19A32B2800CF0264 /* KLBPlayerController.m in Sources */ = {isa = PBXBuildFile; fileRef = 4F58729E19A32B2800CF0264 /* KLBPlayerController.m */; };
		4F5872A519A34D1E00CF0264 /* bullet_cannon.png in Resources */ = {isa = PBXBuildFile; fileRef = 4F5872A219A34D1E00CF0264 /* bullet_cannon.png */; };
		4F5872A619A34D1E00CF0264 /* bullet_default.png in Resources */ = {isa = PBXBuildFile; fileRef = 4F5872A319A34D1E00CF0264 /* bullet_default.png */; };
		4F5872A719A34D1E00CF0264 /* bullet_machinegun.png in Resources */ = {isa = PBXBuildFile; fileRef = 4F5872A419A34D1E00CF0264 /* bullet_machinegun.png */; };
		4F5872AA19A34D3700CF0264 /* KLBBulletView.m in Sources */ = {isa = PBXBuildFile; fileRef = 4F5872A919A34D3700CF0264 /* KLBBulletView.m */; };
		4F5872AD19A3502100CF0264 /* KLBBulletController.m in Sources */ = {isa = PBXBuildFile; fileRef = 4F5872AC19A3502100CF0264 /* KLBBulletController.m */; };
		4F9F0D5619A43A4400C40A37 /* KLBTurretController.m in Sources */ = {isa = PBXBuildFile; fileRef = 4F9F0D5519A43A4400C40A37 /* KLBTurretController.m */; };
		4FC6BABF19A2D371001DC678 /* Foundation.framework in Frameworks */ = {isa = PBXBuildFile; fileRef = 4FC6BABE19A2D371001DC678 /* Foundation.framework */; };
		4FC6BAC119A2D371001DC678 /* CoreGraphics.framework in Frameworks */ = {isa = PBXBuildFile; fileRef = 4FC6BAC019A2D371001DC678 /* CoreGraphics.framework */; };
		4FC6BAC319A2D371001DC678 /* UIKit.framework in Frameworks */ = {isa = PBXBuildFile; fileRef = 4FC6BAC219A2D371001DC678 /* UIKit.framework */; };
		4FC6BAC519A2D371001DC678 /* CoreData.framework in Frameworks */ = {isa = PBXBuildFile; fileRef = 4FC6BAC419A2D371001DC678 /* CoreData.framework */; };
		4FC6BACB19A2D371001DC678 /* InfoPlist.strings in Resources */ = {isa = PBXBuildFile; fileRef = 4FC6BAC919A2D371001DC678 /* InfoPlist.strings */; };
		4FC6BACD19A2D371001DC678 /* main.m in Sources */ = {isa = PBXBuildFile; fileRef = 4FC6BACC19A2D371001DC678 /* main.m */; };
		4FC6BAD119A2D371001DC678 /* KLBAppDelegate.m in Sources */ = {isa = PBXBuildFile; fileRef = 4FC6BAD019A2D371001DC678 /* KLBAppDelegate.m */; };
		4FC6BAD419A2D371001DC678 /* Air_Raid.xcdatamodeld in Sources */ = {isa = PBXBuildFile; fileRef = 4FC6BAD219A2D371001DC678 /* Air_Raid.xcdatamodeld */; };
		4FC6BAD619A2D371001DC678 /* Images.xcassets in Resources */ = {isa = PBXBuildFile; fileRef = 4FC6BAD519A2D371001DC678 /* Images.xcassets */; };
		4FC6BADD19A2D371001DC678 /* XCTest.framework in Frameworks */ = {isa = PBXBuildFile; fileRef = 4FC6BADC19A2D371001DC678 /* XCTest.framework */; };
		4FC6BADE19A2D371001DC678 /* Foundation.framework in Frameworks */ = {isa = PBXBuildFile; fileRef = 4FC6BABE19A2D371001DC678 /* Foundation.framework */; };
		4FC6BADF19A2D371001DC678 /* UIKit.framework in Frameworks */ = {isa = PBXBuildFile; fileRef = 4FC6BAC219A2D371001DC678 /* UIKit.framework */; };
		4FC6BAE019A2D371001DC678 /* CoreData.framework in Frameworks */ = {isa = PBXBuildFile; fileRef = 4FC6BAC419A2D371001DC678 /* CoreData.framework */; };
		4FC6BAE819A2D371001DC678 /* InfoPlist.strings in Resources */ = {isa = PBXBuildFile; fileRef = 4FC6BAE619A2D371001DC678 /* InfoPlist.strings */; };
		4FC6BAEA19A2D371001DC678 /* Air_RaidTests.m in Sources */ = {isa = PBXBuildFile; fileRef = 4FC6BAE919A2D371001DC678 /* Air_RaidTests.m */; };
		4FC6BAF619A2E863001DC678 /* KLBShip.m in Sources */ = {isa = PBXBuildFile; fileRef = 4FC6BAF519A2E863001DC678 /* KLBShip.m */; };
		4FC6BAF919A2E943001DC678 /* KLBTurret.m in Sources */ = {isa = PBXBuildFile; fileRef = 4FC6BAF819A2E943001DC678 /* KLBTurret.m */; };
		4FC6BAFC19A2E9BB001DC678 /* KLBBullet.m in Sources */ = {isa = PBXBuildFile; fileRef = 4FC6BAFB19A2E9BB001DC678 /* KLBBullet.m */; };
		4FC6BB0319A3017C001DC678 /* KLBPlayer.m in Sources */ = {isa = PBXBuildFile; fileRef = 4FC6BB0219A3017C001DC678 /* KLBPlayer.m */; };
		4FC6BB0819A30432001DC678 /* KLBBattleViewController.m in Sources */ = {isa = PBXBuildFile; fileRef = 4FC6BB0619A30432001DC678 /* KLBBattleViewController.m */; };
		4FC6BB0919A30432001DC678 /* KLBBattleViewController.xib in Resources */ = {isa = PBXBuildFile; fileRef = 4FC6BB0719A30432001DC678 /* KLBBattleViewController.xib */; };
		4FC6BB0C19A30944001DC678 /* KLBShipView.m in Sources */ = {isa = PBXBuildFile; fileRef = 4FC6BB0B19A30944001DC678 /* KLBShipView.m */; };
		4FC6BB1119A31C62001DC678 /* enemy.png in Resources */ = {isa = PBXBuildFile; fileRef = 4FC6BB0E19A31C62001DC678 /* enemy.png */; };
		4FC6BB1219A31C62001DC678 /* neutral.png in Resources */ = {isa = PBXBuildFile; fileRef = 4FC6BB0F19A31C62001DC678 /* neutral.png */; };
		4FC6BB1319A31C62001DC678 /* player.png in Resources */ = {isa = PBXBuildFile; fileRef = 4FC6BB1019A31C62001DC678 /* player.png */; };
		4FC6BB1619A325C3001DC678 /* KLBPlayerShipView.m in Sources */ = {isa = PBXBuildFile; fileRef = 4FC6BB1519A325C3001DC678 /* KLBPlayerShipView.m */; };
/* End PBXBuildFile section */

/* Begin PBXContainerItemProxy section */
		4FC6BAE119A2D371001DC678 /* PBXContainerItemProxy */ = {
			isa = PBXContainerItemProxy;
			containerPortal = 4FC6BAB319A2D371001DC678 /* Project object */;
			proxyType = 1;
			remoteGlobalIDString = 4FC6BABA19A2D371001DC678;
			remoteInfo = "Air Raid";
		};
/* End PBXContainerItemProxy section */

/* Begin PBXFileReference section */
		4F1A2AC619A45931001AAB94 /* bullet_cannon2.png */ = {isa = PBXFileReference; lastKnownFileType = image.png; path = bullet_cannon2.png; sourceTree = "<group>"; };
		4F1A2AC719A45931001AAB94 /* bullet_default2.png */ = {isa = PBXFileReference; lastKnownFileType = image.png; path = bullet_default2.png; sourceTree = "<group>"; };
		4F1A2AC819A45931001AAB94 /* bullet_machinegun2.png */ = {isa = PBXFileReference; lastKnownFileType = image.png; path = bullet_machinegun2.png; sourceTree = "<group>"; };
		4F1A2ACC19A46D7E001AAB94 /* cloud1.png */ = {isa = PBXFileReference; lastKnownFileType = image.png; path = cloud1.png; sourceTree = "<group>"; };
		4F1A2ACD19A46D7E001AAB94 /* cloud2.png */ = {isa = PBXFileReference; lastKnownFileType = image.png; path = cloud2.png; sourceTree = "<group>"; };
		4F1A2ACE19A46D7E001AAB94 /* floor.png */ = {isa = PBXFileReference; lastKnownFileType = image.png; path = floor.png; sourceTree = "<group>"; };
		4F1A2AD219A46D9E001AAB94 /* KLBBackgroundView.h */ = {isa = PBXFileReference; fileEncoding = 4; lastKnownFileType = sourcecode.c.h; path = KLBBackgroundView.h; sourceTree = "<group>"; };
		4F1A2AD319A46D9E001AAB94 /* KLBBackgroundView.m */ = {isa = PBXFileReference; fileEncoding = 4; lastKnownFileType = sourcecode.c.objc; path = KLBBackgroundView.m; sourceTree = "<group>"; };
		4F1A2AD519A47828001AAB94 /* QuartzCore.framework */ = {isa = PBXFileReference; lastKnownFileType = wrapper.framework; name = QuartzCore.framework; path = System/Library/Frameworks/QuartzCore.framework; sourceTree = SDKROOT; };
		4F1A2AD719A4785A001AAB94 /* KLBCloudView.h */ = {isa = PBXFileReference; fileEncoding = 4; lastKnownFileType = sourcecode.c.h; path = KLBCloudView.h; sourceTree = "<group>"; };
		4F1A2AD819A4785A001AAB94 /* KLBCloudView.m */ = {isa = PBXFileReference; fileEncoding = 4; lastKnownFileType = sourcecode.c.objc; path = KLBCloudView.m; sourceTree = "<group>"; };
		4F1A2ADA19A48C3D001AAB94 /* OCRAStd.otf */ = {isa = PBXFileReference; lastKnownFileType = file; path = OCRAStd.otf; sourceTree = "<group>"; };
		4F1A2ADF19A49062001AAB94 /* AudioToolbox.framework */ = {isa = PBXFileReference; lastKnownFileType = wrapper.framework; name = AudioToolbox.framework; path = System/Library/Frameworks/AudioToolbox.framework; sourceTree = SDKROOT; };
		4F1A2AE119A493A3001AAB94 /* AVFoundation.framework */ = {isa = PBXFileReference; lastKnownFileType = wrapper.framework; name = AVFoundation.framework; path = System/Library/Frameworks/AVFoundation.framework; sourceTree = SDKROOT; };
		4F1A2AE319A495CB001AAB94 /* laser.aifc */ = {isa = PBXFileReference; lastKnownFileType = file; path = laser.aifc; sourceTree = "<group>"; };
		4F1A2AE519A49EA1001AAB94 /* KLBConstants.h */ = {isa = PBXFileReference; fileEncoding = 4; lastKnownFileType = sourcecode.c.h; path = KLBConstants.h; sourceTree = "<group>"; };
		4F1A2AE619A49EA1001AAB94 /* KLBConstants.m */ = {isa = PBXFileReference; fileEncoding = 4; lastKnownFileType = sourcecode.c.objc; path = KLBConstants.m; sourceTree = "<group>"; };
		4F58729D19A32B2800CF0264 /* KLBPlayerController.h */ = {isa = PBXFileReference; fileEncoding = 4; lastKnownFileType = sourcecode.c.h; path = KLBPlayerController.h; sourceTree = "<group>"; };
		4F58729E19A32B2800CF0264 /* KLBPlayerController.m */ = {isa = PBXFileReference; fileEncoding = 4; lastKnownFileType = sourcecode.c.objc; path = KLBPlayerController.m; sourceTree = "<group>"; };
		4F5872A119A32B8600CF0264 /* KLBShipControlProtocol.h */ = {isa = PBXFileReference; lastKnownFileType = sourcecode.c.h; path = KLBShipControlProtocol.h; sourceTree = "<group>"; };
		4F5872A219A34D1E00CF0264 /* bullet_cannon.png */ = {isa = PBXFileReference; lastKnownFileType = image.png; path = bullet_cannon.png; sourceTree = "<group>"; };
		4F5872A319A34D1E00CF0264 /* bullet_default.png */ = {isa = PBXFileReference; lastKnownFileType = image.png; path = bullet_default.png; sourceTree = "<group>"; };
		4F5872A419A34D1E00CF0264 /* bullet_machinegun.png */ = {isa = PBXFileReference; lastKnownFileType = image.png; path = bullet_machinegun.png; sourceTree = "<group>"; };
		4F5872A819A34D3700CF0264 /* KLBBulletView.h */ = {isa = PBXFileReference; fileEncoding = 4; lastKnownFileType = sourcecode.c.h; path = KLBBulletView.h; sourceTree = "<group>"; };
		4F5872A919A34D3700CF0264 /* KLBBulletView.m */ = {isa = PBXFileReference; fileEncoding = 4; lastKnownFileType = sourcecode.c.objc; path = KLBBulletView.m; sourceTree = "<group>"; };
		4F5872AB19A3502100CF0264 /* KLBBulletController.h */ = {isa = PBXFileReference; fileEncoding = 4; lastKnownFileType = sourcecode.c.h; path = KLBBulletController.h; sourceTree = "<group>"; };
		4F5872AC19A3502100CF0264 /* KLBBulletController.m */ = {isa = PBXFileReference; fileEncoding = 4; lastKnownFileType = sourcecode.c.objc; path = KLBBulletController.m; sourceTree = "<group>"; };
		4F9F0D5419A43A4400C40A37 /* KLBTurretController.h */ = {isa = PBXFileReference; fileEncoding = 4; lastKnownFileType = sourcecode.c.h; path = KLBTurretController.h; sourceTree = "<group>"; };
		4F9F0D5519A43A4400C40A37 /* KLBTurretController.m */ = {isa = PBXFileReference; fileEncoding = 4; lastKnownFileType = sourcecode.c.objc; path = KLBTurretController.m; sourceTree = "<group>"; };
		4FC6BABB19A2D371001DC678 /* Air Raid.app */ = {isa = PBXFileReference; explicitFileType = wrapper.application; includeInIndex = 0; path = "Air Raid.app"; sourceTree = BUILT_PRODUCTS_DIR; };
		4FC6BABE19A2D371001DC678 /* Foundation.framework */ = {isa = PBXFileReference; lastKnownFileType = wrapper.framework; name = Foundation.framework; path = System/Library/Frameworks/Foundation.framework; sourceTree = SDKROOT; };
		4FC6BAC019A2D371001DC678 /* CoreGraphics.framework */ = {isa = PBXFileReference; lastKnownFileType = wrapper.framework; name = CoreGraphics.framework; path = System/Library/Frameworks/CoreGraphics.framework; sourceTree = SDKROOT; };
		4FC6BAC219A2D371001DC678 /* UIKit.framework */ = {isa = PBXFileReference; lastKnownFileType = wrapper.framework; name = UIKit.framework; path = System/Library/Frameworks/UIKit.framework; sourceTree = SDKROOT; };
		4FC6BAC419A2D371001DC678 /* CoreData.framework */ = {isa = PBXFileReference; lastKnownFileType = wrapper.framework; name = CoreData.framework; path = System/Library/Frameworks/CoreData.framework; sourceTree = SDKROOT; };
		4FC6BAC819A2D371001DC678 /* Air Raid-Info.plist */ = {isa = PBXFileReference; lastKnownFileType = text.plist.xml; path = "Air Raid-Info.plist"; sourceTree = "<group>"; };
		4FC6BACA19A2D371001DC678 /* en */ = {isa = PBXFileReference; lastKnownFileType = text.plist.strings; name = en; path = en.lproj/InfoPlist.strings; sourceTree = "<group>"; };
		4FC6BACC19A2D371001DC678 /* main.m */ = {isa = PBXFileReference; lastKnownFileType = sourcecode.c.objc; path = main.m; sourceTree = "<group>"; };
		4FC6BACE19A2D371001DC678 /* Air Raid-Prefix.pch */ = {isa = PBXFileReference; lastKnownFileType = sourcecode.c.h; path = "Air Raid-Prefix.pch"; sourceTree = "<group>"; };
		4FC6BACF19A2D371001DC678 /* KLBAppDelegate.h */ = {isa = PBXFileReference; lastKnownFileType = sourcecode.c.h; path = KLBAppDelegate.h; sourceTree = "<group>"; };
		4FC6BAD019A2D371001DC678 /* KLBAppDelegate.m */ = {isa = PBXFileReference; lastKnownFileType = sourcecode.c.objc; path = KLBAppDelegate.m; sourceTree = "<group>"; };
		4FC6BAD319A2D371001DC678 /* Air_Raid.xcdatamodel */ = {isa = PBXFileReference; lastKnownFileType = wrapper.xcdatamodel; path = Air_Raid.xcdatamodel; sourceTree = "<group>"; };
		4FC6BAD519A2D371001DC678 /* Images.xcassets */ = {isa = PBXFileReference; lastKnownFileType = folder.assetcatalog; path = Images.xcassets; sourceTree = "<group>"; };
		4FC6BADB19A2D371001DC678 /* Air RaidTests.xctest */ = {isa = PBXFileReference; explicitFileType = wrapper.cfbundle; includeInIndex = 0; path = "Air RaidTests.xctest"; sourceTree = BUILT_PRODUCTS_DIR; };
		4FC6BADC19A2D371001DC678 /* XCTest.framework */ = {isa = PBXFileReference; lastKnownFileType = wrapper.framework; name = XCTest.framework; path = Library/Frameworks/XCTest.framework; sourceTree = DEVELOPER_DIR; };
		4FC6BAE519A2D371001DC678 /* Air RaidTests-Info.plist */ = {isa = PBXFileReference; lastKnownFileType = text.plist.xml; path = "Air RaidTests-Info.plist"; sourceTree = "<group>"; };
		4FC6BAE719A2D371001DC678 /* en */ = {isa = PBXFileReference; lastKnownFileType = text.plist.strings; name = en; path = en.lproj/InfoPlist.strings; sourceTree = "<group>"; };
		4FC6BAE919A2D371001DC678 /* Air_RaidTests.m */ = {isa = PBXFileReference; lastKnownFileType = sourcecode.c.objc; path = Air_RaidTests.m; sourceTree = "<group>"; };
		4FC6BAF419A2E863001DC678 /* KLBShip.h */ = {isa = PBXFileReference; fileEncoding = 4; lastKnownFileType = sourcecode.c.h; path = KLBShip.h; sourceTree = "<group>"; };
		4FC6BAF519A2E863001DC678 /* KLBShip.m */ = {isa = PBXFileReference; fileEncoding = 4; lastKnownFileType = sourcecode.c.objc; path = KLBShip.m; sourceTree = "<group>"; };
		4FC6BAF719A2E943001DC678 /* KLBTurret.h */ = {isa = PBXFileReference; fileEncoding = 4; lastKnownFileType = sourcecode.c.h; path = KLBTurret.h; sourceTree = "<group>"; };
		4FC6BAF819A2E943001DC678 /* KLBTurret.m */ = {isa = PBXFileReference; fileEncoding = 4; lastKnownFileType = sourcecode.c.objc; path = KLBTurret.m; sourceTree = "<group>"; };
		4FC6BAFA19A2E9BB001DC678 /* KLBBullet.h */ = {isa = PBXFileReference; fileEncoding = 4; lastKnownFileType = sourcecode.c.h; path = KLBBullet.h; sourceTree = "<group>"; };
		4FC6BAFB19A2E9BB001DC678 /* KLBBullet.m */ = {isa = PBXFileReference; fileEncoding = 4; lastKnownFileType = sourcecode.c.objc; path = KLBBullet.m; sourceTree = "<group>"; };
		4FC6BB0119A3017C001DC678 /* KLBPlayer.h */ = {isa = PBXFileReference; fileEncoding = 4; lastKnownFileType = sourcecode.c.h; path = KLBPlayer.h; sourceTree = "<group>"; };
		4FC6BB0219A3017C001DC678 /* KLBPlayer.m */ = {isa = PBXFileReference; fileEncoding = 4; lastKnownFileType = sourcecode.c.objc; path = KLBPlayer.m; sourceTree = "<group>"; };
		4FC6BB0519A30432001DC678 /* KLBBattleViewController.h */ = {isa = PBXFileReference; fileEncoding = 4; lastKnownFileType = sourcecode.c.h; path = KLBBattleViewController.h; sourceTree = "<group>"; };
		4FC6BB0619A30432001DC678 /* KLBBattleViewController.m */ = {isa = PBXFileReference; fileEncoding = 4; lastKnownFileType = sourcecode.c.objc; path = KLBBattleViewController.m; sourceTree = "<group>"; };
		4FC6BB0719A30432001DC678 /* KLBBattleViewController.xib */ = {isa = PBXFileReference; fileEncoding = 4; lastKnownFileType = file.xib; path = KLBBattleViewController.xib; sourceTree = "<group>"; };
		4FC6BB0A19A30944001DC678 /* KLBShipView.h */ = {isa = PBXFileReference; fileEncoding = 4; lastKnownFileType = sourcecode.c.h; path = KLBShipView.h; sourceTree = "<group>"; };
		4FC6BB0B19A30944001DC678 /* KLBShipView.m */ = {isa = PBXFileReference; fileEncoding = 4; lastKnownFileType = sourcecode.c.objc; path = KLBShipView.m; sourceTree = "<group>"; };
		4FC6BB0E19A31C62001DC678 /* enemy.png */ = {isa = PBXFileReference; lastKnownFileType = image.png; path = enemy.png; sourceTree = "<group>"; };
		4FC6BB0F19A31C62001DC678 /* neutral.png */ = {isa = PBXFileReference; lastKnownFileType = image.png; path = neutral.png; sourceTree = "<group>"; };
		4FC6BB1019A31C62001DC678 /* player.png */ = {isa = PBXFileReference; lastKnownFileType = image.png; path = player.png; sourceTree = "<group>"; };
		4FC6BB1419A325C3001DC678 /* KLBPlayerShipView.h */ = {isa = PBXFileReference; fileEncoding = 4; lastKnownFileType = sourcecode.c.h; path = KLBPlayerShipView.h; sourceTree = "<group>"; };
		4FC6BB1519A325C3001DC678 /* KLBPlayerShipView.m */ = {isa = PBXFileReference; fileEncoding = 4; lastKnownFileType = sourcecode.c.objc; path = KLBPlayerShipView.m; sourceTree = "<group>"; };
/* End PBXFileReference section */

/* Begin PBXFrameworksBuildPhase section */
		4FC6BAB819A2D371001DC678 /* Frameworks */ = {
			isa = PBXFrameworksBuildPhase;
			buildActionMask = 2147483647;
			files = (
				4F1A2AE219A493A3001AAB94 /* AVFoundation.framework in Frameworks */,
				4F1A2AE019A49062001AAB94 /* AudioToolbox.framework in Frameworks */,
				4F1A2AD619A47828001AAB94 /* QuartzCore.framework in Frameworks */,
				4FC6BAC119A2D371001DC678 /* CoreGraphics.framework in Frameworks */,
				4FC6BAC519A2D371001DC678 /* CoreData.framework in Frameworks */,
				4FC6BAC319A2D371001DC678 /* UIKit.framework in Frameworks */,
				4FC6BABF19A2D371001DC678 /* Foundation.framework in Frameworks */,
			);
			runOnlyForDeploymentPostprocessing = 0;
		};
		4FC6BAD819A2D371001DC678 /* Frameworks */ = {
			isa = PBXFrameworksBuildPhase;
			buildActionMask = 2147483647;
			files = (
				4FC6BADD19A2D371001DC678 /* XCTest.framework in Frameworks */,
				4FC6BAE019A2D371001DC678 /* CoreData.framework in Frameworks */,
				4FC6BADF19A2D371001DC678 /* UIKit.framework in Frameworks */,
				4FC6BADE19A2D371001DC678 /* Foundation.framework in Frameworks */,
			);
			runOnlyForDeploymentPostprocessing = 0;
		};
/* End PBXFrameworksBuildPhase section */

/* Begin PBXGroup section */
		4F1A2ADC19A48FE7001AAB94 /* Sound Effects */ = {
			isa = PBXGroup;
			children = (
				4F1A2AE319A495CB001AAB94 /* laser.aifc */,
			);
			name = "Sound Effects";
			sourceTree = "<group>";
		};
		4F5872A019A32B5600CF0264 /* Protocols */ = {
			isa = PBXGroup;
			children = (
				4F5872A119A32B8600CF0264 /* KLBShipControlProtocol.h */,
			);
			name = Protocols;
			sourceTree = "<group>";
		};
		4FC6BAB219A2D371001DC678 = {
			isa = PBXGroup;
			children = (
				4FC6BAC619A2D371001DC678 /* Air Raid */,
				4FC6BAE319A2D371001DC678 /* Air RaidTests */,
				4FC6BABD19A2D371001DC678 /* Frameworks */,
				4FC6BABC19A2D371001DC678 /* Products */,
			);
			sourceTree = "<group>";
		};
		4FC6BABC19A2D371001DC678 /* Products */ = {
			isa = PBXGroup;
			children = (
				4FC6BABB19A2D371001DC678 /* Air Raid.app */,
				4FC6BADB19A2D371001DC678 /* Air RaidTests.xctest */,
			);
			name = Products;
			sourceTree = "<group>";
		};
		4FC6BABD19A2D371001DC678 /* Frameworks */ = {
			isa = PBXGroup;
			children = (
				4F1A2AE119A493A3001AAB94 /* AVFoundation.framework */,
				4F1A2ADF19A49062001AAB94 /* AudioToolbox.framework */,
				4F1A2AD519A47828001AAB94 /* QuartzCore.framework */,
				4FC6BABE19A2D371001DC678 /* Foundation.framework */,
				4FC6BAC019A2D371001DC678 /* CoreGraphics.framework */,
				4FC6BAC219A2D371001DC678 /* UIKit.framework */,
				4FC6BAC419A2D371001DC678 /* CoreData.framework */,
				4FC6BADC19A2D371001DC678 /* XCTest.framework */,
			);
			name = Frameworks;
			sourceTree = "<group>";
		};
		4FC6BAC619A2D371001DC678 /* Air Raid */ = {
			isa = PBXGroup;
			children = (
				4F1A2ADC19A48FE7001AAB94 /* Sound Effects */,
				4F5872A019A32B5600CF0264 /* Protocols */,
				4FC6BB0D19A31C45001DC678 /* Images */,
				4FC6BB0419A302E3001DC678 /* Views */,
				4FC6BAFD19A2FF8F001DC678 /* Controllers */,
				4FC6BAF319A2E848001DC678 /* Models */,
				4FC6BACF19A2D371001DC678 /* KLBAppDelegate.h */,
				4FC6BAD019A2D371001DC678 /* KLBAppDelegate.m */,
				4FC6BAD519A2D371001DC678 /* Images.xcassets */,
				4FC6BAD219A2D371001DC678 /* Air_Raid.xcdatamodeld */,
				4FC6BAC719A2D371001DC678 /* Supporting Files */,
			);
			path = "Air Raid";
			sourceTree = "<group>";
		};
		4FC6BAC719A2D371001DC678 /* Supporting Files */ = {
			isa = PBXGroup;
			children = (
				4F1A2ADA19A48C3D001AAB94 /* OCRAStd.otf */,
				4FC6BAC819A2D371001DC678 /* Air Raid-Info.plist */,
				4FC6BAC919A2D371001DC678 /* InfoPlist.strings */,
				4FC6BACC19A2D371001DC678 /* main.m */,
				4FC6BACE19A2D371001DC678 /* Air Raid-Prefix.pch */,
			);
			name = "Supporting Files";
			sourceTree = "<group>";
		};
		4FC6BAE319A2D371001DC678 /* Air RaidTests */ = {
			isa = PBXGroup;
			children = (
				4FC6BAE919A2D371001DC678 /* Air_RaidTests.m */,
				4FC6BAE419A2D371001DC678 /* Supporting Files */,
			);
			path = "Air RaidTests";
			sourceTree = "<group>";
		};
		4FC6BAE419A2D371001DC678 /* Supporting Files */ = {
			isa = PBXGroup;
			children = (
				4FC6BAE519A2D371001DC678 /* Air RaidTests-Info.plist */,
				4FC6BAE619A2D371001DC678 /* InfoPlist.strings */,
			);
			name = "Supporting Files";
			sourceTree = "<group>";
		};
		4FC6BAF319A2E848001DC678 /* Models */ = {
			isa = PBXGroup;
			children = (
				4FC6BAFA19A2E9BB001DC678 /* KLBBullet.h */,
				4FC6BAFB19A2E9BB001DC678 /* KLBBullet.m */,
				4FC6BAF419A2E863001DC678 /* KLBShip.h */,
				4FC6BAF519A2E863001DC678 /* KLBShip.m */,
				4FC6BAF719A2E943001DC678 /* KLBTurret.h */,
				4FC6BAF819A2E943001DC678 /* KLBTurret.m */,
				4FC6BB0119A3017C001DC678 /* KLBPlayer.h */,
				4FC6BB0219A3017C001DC678 /* KLBPlayer.m */,
				4F1A2AE519A49EA1001AAB94 /* KLBConstants.h */,
				4F1A2AE619A49EA1001AAB94 /* KLBConstants.m */,
			);
			name = Models;
			sourceTree = "<group>";
		};
		4FC6BAFD19A2FF8F001DC678 /* Controllers */ = {
			isa = PBXGroup;
			children = (
				4FC6BB0519A30432001DC678 /* KLBBattleViewController.h */,
				4FC6BB0619A30432001DC678 /* KLBBattleViewController.m */,
				4FC6BB0719A30432001DC678 /* KLBBattleViewController.xib */,
				4F58729D19A32B2800CF0264 /* KLBPlayerController.h */,
				4F58729E19A32B2800CF0264 /* KLBPlayerController.m */,
				4F5872AB19A3502100CF0264 /* KLBBulletController.h */,
				4F5872AC19A3502100CF0264 /* KLBBulletController.m */,
				4F9F0D5419A43A4400C40A37 /* KLBTurretController.h */,
				4F9F0D5519A43A4400C40A37 /* KLBTurretController.m */,
			);
			name = Controllers;
			sourceTree = "<group>";
		};
		4FC6BB0419A302E3001DC678 /* Views */ = {
			isa = PBXGroup;
			children = (
				4FC6BB0A19A30944001DC678 /* KLBShipView.h */,
				4FC6BB0B19A30944001DC678 /* KLBShipView.m */,
				4FC6BB1419A325C3001DC678 /* KLBPlayerShipView.h */,
				4FC6BB1519A325C3001DC678 /* KLBPlayerShipView.m */,
				4F5872A819A34D3700CF0264 /* KLBBulletView.h */,
				4F5872A919A34D3700CF0264 /* KLBBulletView.m */,
				4F1A2AD219A46D9E001AAB94 /* KLBBackgroundView.h */,
				4F1A2AD319A46D9E001AAB94 /* KLBBackgroundView.m */,
				4F1A2AD719A4785A001AAB94 /* KLBCloudView.h */,
				4F1A2AD819A4785A001AAB94 /* KLBCloudView.m */,
			);
			name = Views;
			sourceTree = "<group>";
		};
		4FC6BB0D19A31C45001DC678 /* Images */ = {
			isa = PBXGroup;
			children = (
				4F1A2ACC19A46D7E001AAB94 /* cloud1.png */,
				4F1A2ACD19A46D7E001AAB94 /* cloud2.png */,
				4F1A2ACE19A46D7E001AAB94 /* floor.png */,
				4F1A2AC619A45931001AAB94 /* bullet_cannon2.png */,
				4F1A2AC719A45931001AAB94 /* bullet_default2.png */,
				4F1A2AC819A45931001AAB94 /* bullet_machinegun2.png */,
				4F5872A219A34D1E00CF0264 /* bullet_cannon.png */,
				4F5872A319A34D1E00CF0264 /* bullet_default.png */,
				4F5872A419A34D1E00CF0264 /* bullet_machinegun.png */,
				4FC6BB0E19A31C62001DC678 /* enemy.png */,
				4FC6BB0F19A31C62001DC678 /* neutral.png */,
				4FC6BB1019A31C62001DC678 /* player.png */,
			);
			name = Images;
			sourceTree = "<group>";
		};
/* End PBXGroup section */

/* Begin PBXNativeTarget section */
		4FC6BABA19A2D371001DC678 /* Air Raid */ = {
			isa = PBXNativeTarget;
			buildConfigurationList = 4FC6BAED19A2D371001DC678 /* Build configuration list for PBXNativeTarget "Air Raid" */;
			buildPhases = (
				4FC6BAB719A2D371001DC678 /* Sources */,
				4FC6BAB819A2D371001DC678 /* Frameworks */,
				4FC6BAB919A2D371001DC678 /* Resources */,
			);
			buildRules = (
			);
			dependencies = (
			);
			name = "Air Raid";
			productName = "Air Raid";
			productReference = 4FC6BABB19A2D371001DC678 /* Air Raid.app */;
			productType = "com.apple.product-type.application";
		};
		4FC6BADA19A2D371001DC678 /* Air RaidTests */ = {
			isa = PBXNativeTarget;
			buildConfigurationList = 4FC6BAF019A2D371001DC678 /* Build configuration list for PBXNativeTarget "Air RaidTests" */;
			buildPhases = (
				4FC6BAD719A2D371001DC678 /* Sources */,
				4FC6BAD819A2D371001DC678 /* Frameworks */,
				4FC6BAD919A2D371001DC678 /* Resources */,
			);
			buildRules = (
			);
			dependencies = (
				4FC6BAE219A2D371001DC678 /* PBXTargetDependency */,
			);
			name = "Air RaidTests";
			productName = "Air RaidTests";
			productReference = 4FC6BADB19A2D371001DC678 /* Air RaidTests.xctest */;
			productType = "com.apple.product-type.bundle.unit-test";
		};
/* End PBXNativeTarget section */

/* Begin PBXProject section */
		4FC6BAB319A2D371001DC678 /* Project object */ = {
			isa = PBXProject;
			attributes = {
				CLASSPREFIX = KLB;
				LastUpgradeCheck = 0510;
				ORGANIZATIONNAME = "KLab Cyscorpions, Inc.";
				TargetAttributes = {
					4FC6BADA19A2D371001DC678 = {
						TestTargetID = 4FC6BABA19A2D371001DC678;
					};
				};
			};
			buildConfigurationList = 4FC6BAB619A2D371001DC678 /* Build configuration list for PBXProject "Air Raid" */;
			compatibilityVersion = "Xcode 3.2";
			developmentRegion = English;
			hasScannedForEncodings = 0;
			knownRegions = (
				en,
			);
			mainGroup = 4FC6BAB219A2D371001DC678;
			productRefGroup = 4FC6BABC19A2D371001DC678 /* Products */;
			projectDirPath = "";
			projectRoot = "";
			targets = (
				4FC6BABA19A2D371001DC678 /* Air Raid */,
				4FC6BADA19A2D371001DC678 /* Air RaidTests */,
			);
		};
/* End PBXProject section */

/* Begin PBXResourcesBuildPhase section */
		4FC6BAB919A2D371001DC678 /* Resources */ = {
			isa = PBXResourcesBuildPhase;
			buildActionMask = 2147483647;
			files = (
				4F1A2ACF19A46D7E001AAB94 /* cloud1.png in Resources */,
				4F5872A519A34D1E00CF0264 /* bullet_cannon.png in Resources */,
				4F1A2ADB19A48C3D001AAB94 /* OCRAStd.otf in Resources */,
				4F5872A619A34D1E00CF0264 /* bullet_default.png in Resources */,
				4F1A2AD119A46D7E001AAB94 /* floor.png in Resources */,
				4FC6BB0919A30432001DC678 /* KLBBattleViewController.xib in Resources */,
				4FC6BACB19A2D371001DC678 /* InfoPlist.strings in Resources */,
				4FC6BB1319A31C62001DC678 /* player.png in Resources */,
				4F1A2ACB19A45931001AAB94 /* bullet_machinegun2.png in Resources */,
				4FC6BB1219A31C62001DC678 /* neutral.png in Resources */,
				4F1A2AD019A46D7E001AAB94 /* cloud2.png in Resources */,
				4FC6BB1119A31C62001DC678 /* enemy.png in Resources */,
				4F1A2ACA19A45931001AAB94 /* bullet_default2.png in Resources */,
				4F1A2AC919A45931001AAB94 /* bullet_cannon2.png in Resources */,
				4FC6BAD619A2D371001DC678 /* Images.xcassets in Resources */,
				4F5872A719A34D1E00CF0264 /* bullet_machinegun.png in Resources */,
				4F1A2AE419A495CB001AAB94 /* laser.aifc in Resources */,
			);
			runOnlyForDeploymentPostprocessing = 0;
		};
		4FC6BAD919A2D371001DC678 /* Resources */ = {
			isa = PBXResourcesBuildPhase;
			buildActionMask = 2147483647;
			files = (
				4FC6BAE819A2D371001DC678 /* InfoPlist.strings in Resources */,
			);
			runOnlyForDeploymentPostprocessing = 0;
		};
/* End PBXResourcesBuildPhase section */

/* Begin PBXSourcesBuildPhase section */
		4FC6BAB719A2D371001DC678 /* Sources */ = {
			isa = PBXSourcesBuildPhase;
			buildActionMask = 2147483647;
			files = (
				4F58729F19A32B2800CF0264 /* KLBPlayerController.m in Sources */,
				4FC6BB0819A30432001DC678 /* KLBBattleViewController.m in Sources */,
				4FC6BAD119A2D371001DC678 /* KLBAppDelegate.m in Sources */,
				4FC6BAF619A2E863001DC678 /* KLBShip.m in Sources */,
				4FC6BAF919A2E943001DC678 /* KLBTurret.m in Sources */,
				4FC6BAFC19A2E9BB001DC678 /* KLBBullet.m in Sources */,
				4FC6BB0C19A30944001DC678 /* KLBShipView.m in Sources */,
				4FC6BB0319A3017C001DC678 /* KLBPlayer.m in Sources */,
				4FC6BB1619A325C3001DC678 /* KLBPlayerShipView.m in Sources */,
				4F1A2AD919A4785A001AAB94 /* KLBCloudView.m in Sources */,
				4F9F0D5619A43A4400C40A37 /* KLBTurretController.m in Sources */,
				4FC6BACD19A2D371001DC678 /* main.m in Sources */,
				4F5872AD19A3502100CF0264 /* KLBBulletController.m in Sources */,
				4F1A2AE719A49EA1001AAB94 /* KLBConstants.m in Sources */,
				4F5872AA19A34D3700CF0264 /* KLBBulletView.m in Sources */,
				4FC6BAD419A2D371001DC678 /* Air_Raid.xcdatamodeld in Sources */,
				4F1A2AD419A46D9E001AAB94 /* KLBBackgroundView.m in Sources */,
			);
			runOnlyForDeploymentPostprocessing = 0;
		};
		4FC6BAD719A2D371001DC678 /* Sources */ = {
			isa = PBXSourcesBuildPhase;
			buildActionMask = 2147483647;
			files = (
				4FC6BAEA19A2D371001DC678 /* Air_RaidTests.m in Sources */,
			);
			runOnlyForDeploymentPostprocessing = 0;
		};
/* End PBXSourcesBuildPhase section */

/* Begin PBXTargetDependency section */
		4FC6BAE219A2D371001DC678 /* PBXTargetDependency */ = {
			isa = PBXTargetDependency;
			target = 4FC6BABA19A2D371001DC678 /* Air Raid */;
			targetProxy = 4FC6BAE119A2D371001DC678 /* PBXContainerItemProxy */;
		};
/* End PBXTargetDependency section */

/* Begin PBXVariantGroup section */
		4FC6BAC919A2D371001DC678 /* InfoPlist.strings */ = {
			isa = PBXVariantGroup;
			children = (
				4FC6BACA19A2D371001DC678 /* en */,
			);
			name = InfoPlist.strings;
			sourceTree = "<group>";
		};
		4FC6BAE619A2D371001DC678 /* InfoPlist.strings */ = {
			isa = PBXVariantGroup;
			children = (
				4FC6BAE719A2D371001DC678 /* en */,
			);
			name = InfoPlist.strings;
			sourceTree = "<group>";
		};
/* End PBXVariantGroup section */

/* Begin XCBuildConfiguration section */
		4FC6BAEB19A2D371001DC678 /* Debug */ = {
			isa = XCBuildConfiguration;
			buildSettings = {
				ALWAYS_SEARCH_USER_PATHS = NO;
				CLANG_CXX_LANGUAGE_STANDARD = "gnu++0x";
				CLANG_CXX_LIBRARY = "libc++";
				CLANG_ENABLE_MODULES = YES;
				CLANG_ENABLE_OBJC_ARC = NO;
				CLANG_WARN_BOOL_CONVERSION = YES;
				CLANG_WARN_CONSTANT_CONVERSION = YES;
				CLANG_WARN_DIRECT_OBJC_ISA_USAGE = YES_ERROR;
				CLANG_WARN_EMPTY_BODY = YES;
				CLANG_WARN_ENUM_CONVERSION = YES;
				CLANG_WARN_INT_CONVERSION = YES;
				CLANG_WARN_OBJC_ROOT_CLASS = YES_ERROR;
				CLANG_WARN__DUPLICATE_METHOD_MATCH = YES;
				"CODE_SIGN_IDENTITY[sdk=iphoneos*]" = "iPhone Developer";
				COPY_PHASE_STRIP = NO;
				GCC_C_LANGUAGE_STANDARD = gnu99;
				GCC_DYNAMIC_NO_PIC = NO;
				GCC_OPTIMIZATION_LEVEL = 0;
				GCC_PREPROCESSOR_DEFINITIONS = (
					"DEBUG=1",
					"$(inherited)",
				);
				GCC_SYMBOLS_PRIVATE_EXTERN = NO;
				GCC_WARN_64_TO_32_BIT_CONVERSION = YES;
				GCC_WARN_ABOUT_RETURN_TYPE = YES_ERROR;
				GCC_WARN_UNDECLARED_SELECTOR = YES;
				GCC_WARN_UNINITIALIZED_AUTOS = YES_AGGRESSIVE;
				GCC_WARN_UNUSED_FUNCTION = YES;
				GCC_WARN_UNUSED_VARIABLE = YES;
				IPHONEOS_DEPLOYMENT_TARGET = 7.1;
				ONLY_ACTIVE_ARCH = YES;
				SDKROOT = iphoneos;
			};
			name = Debug;
		};
		4FC6BAEC19A2D371001DC678 /* Release */ = {
			isa = XCBuildConfiguration;
			buildSettings = {
				ALWAYS_SEARCH_USER_PATHS = NO;
				CLANG_CXX_LANGUAGE_STANDARD = "gnu++0x";
				CLANG_CXX_LIBRARY = "libc++";
				CLANG_ENABLE_MODULES = YES;
				CLANG_ENABLE_OBJC_ARC = NO;
				CLANG_WARN_BOOL_CONVERSION = YES;
				CLANG_WARN_CONSTANT_CONVERSION = YES;
				CLANG_WARN_DIRECT_OBJC_ISA_USAGE = YES_ERROR;
				CLANG_WARN_EMPTY_BODY = YES;
				CLANG_WARN_ENUM_CONVERSION = YES;
				CLANG_WARN_INT_CONVERSION = YES;
				CLANG_WARN_OBJC_ROOT_CLASS = YES_ERROR;
				CLANG_WARN__DUPLICATE_METHOD_MATCH = YES;
				"CODE_SIGN_IDENTITY[sdk=iphoneos*]" = "iPhone Developer";
				COPY_PHASE_STRIP = YES;
				ENABLE_NS_ASSERTIONS = NO;
				GCC_C_LANGUAGE_STANDARD = gnu99;
				GCC_WARN_64_TO_32_BIT_CONVERSION = YES;
				GCC_WARN_ABOUT_RETURN_TYPE = YES_ERROR;
				GCC_WARN_UNDECLARED_SELECTOR = YES;
				GCC_WARN_UNINITIALIZED_AUTOS = YES_AGGRESSIVE;
				GCC_WARN_UNUSED_FUNCTION = YES;
				GCC_WARN_UNUSED_VARIABLE = YES;
				IPHONEOS_DEPLOYMENT_TARGET = 7.1;
				SDKROOT = iphoneos;
				VALIDATE_PRODUCT = YES;
			};
			name = Release;
		};
		4FC6BAEE19A2D371001DC678 /* Debug */ = {
			isa = XCBuildConfiguration;
			buildSettings = {
				ASSETCATALOG_COMPILER_APPICON_NAME = AppIcon;
				ASSETCATALOG_COMPILER_LAUNCHIMAGE_NAME = LaunchImage;
				GCC_PRECOMPILE_PREFIX_HEADER = YES;
				GCC_PREFIX_HEADER = "Air Raid/Air Raid-Prefix.pch";
				INFOPLIST_FILE = "Air Raid/Air Raid-Info.plist";
				PRODUCT_NAME = "$(TARGET_NAME)";
				WRAPPER_EXTENSION = app;
			};
			name = Debug;
		};
		4FC6BAEF19A2D371001DC678 /* Release */ = {
			isa = XCBuildConfiguration;
			buildSettings = {
				ASSETCATALOG_COMPILER_APPICON_NAME = AppIcon;
				ASSETCATALOG_COMPILER_LAUNCHIMAGE_NAME = LaunchImage;
				GCC_PRECOMPILE_PREFIX_HEADER = YES;
				GCC_PREFIX_HEADER = "Air Raid/Air Raid-Prefix.pch";
				INFOPLIST_FILE = "Air Raid/Air Raid-Info.plist";
				PRODUCT_NAME = "$(TARGET_NAME)";
				WRAPPER_EXTENSION = app;
			};
			name = Release;
		};
		4FC6BAF119A2D371001DC678 /* Debug */ = {
			isa = XCBuildConfiguration;
			buildSettings = {
				BUNDLE_LOADER = "$(BUILT_PRODUCTS_DIR)/Air Raid.app/Air Raid";
				FRAMEWORK_SEARCH_PATHS = (
					"$(SDKROOT)/Developer/Library/Frameworks",
					"$(inherited)",
					"$(DEVELOPER_FRAMEWORKS_DIR)",
				);
				GCC_PRECOMPILE_PREFIX_HEADER = YES;
				GCC_PREFIX_HEADER = "Air Raid/Air Raid-Prefix.pch";
				GCC_PREPROCESSOR_DEFINITIONS = (
					"DEBUG=1",
					"$(inherited)",
				);
				INFOPLIST_FILE = "Air RaidTests/Air RaidTests-Info.plist";
				PRODUCT_NAME = "$(TARGET_NAME)";
				TEST_HOST = "$(BUNDLE_LOADER)";
				WRAPPER_EXTENSION = xctest;
			};
			name = Debug;
		};
		4FC6BAF219A2D371001DC678 /* Release */ = {
			isa = XCBuildConfiguration;
			buildSettings = {
				BUNDLE_LOADER = "$(BUILT_PRODUCTS_DIR)/Air Raid.app/Air Raid";
				FRAMEWORK_SEARCH_PATHS = (
					"$(SDKROOT)/Developer/Library/Frameworks",
					"$(inherited)",
					"$(DEVELOPER_FRAMEWORKS_DIR)",
				);
				GCC_PRECOMPILE_PREFIX_HEADER = YES;
				GCC_PREFIX_HEADER = "Air Raid/Air Raid-Prefix.pch";
				INFOPLIST_FILE = "Air RaidTests/Air RaidTests-Info.plist";
				PRODUCT_NAME = "$(TARGET_NAME)";
				TEST_HOST = "$(BUNDLE_LOADER)";
				WRAPPER_EXTENSION = xctest;
			};
			name = Release;
		};
/* End XCBuildConfiguration section */

/* Begin XCConfigurationList section */
		4FC6BAB619A2D371001DC678 /* Build configuration list for PBXProject "Air Raid" */ = {
			isa = XCConfigurationList;
			buildConfigurations = (
				4FC6BAEB19A2D371001DC678 /* Debug */,
				4FC6BAEC19A2D371001DC678 /* Release */,
			);
			defaultConfigurationIsVisible = 0;
			defaultConfigurationName = Release;
		};
		4FC6BAED19A2D371001DC678 /* Build configuration list for PBXNativeTarget "Air Raid" */ = {
			isa = XCConfigurationList;
			buildConfigurations = (
				4FC6BAEE19A2D371001DC678 /* Debug */,
				4FC6BAEF19A2D371001DC678 /* Release */,
			);
			defaultConfigurationIsVisible = 0;
			defaultConfigurationName = Release;
		};
		4FC6BAF019A2D371001DC678 /* Build configuration list for PBXNativeTarget "Air RaidTests" */ = {
			isa = XCConfigurationList;
			buildConfigurations = (
				4FC6BAF119A2D371001DC678 /* Debug */,
				4FC6BAF219A2D371001DC678 /* Release */,
			);
			defaultConfigurationIsVisible = 0;
			defaultConfigurationName = Release;
		};
/* End XCConfigurationList section */

/* Begin XCVersionGroup section */
		4FC6BAD219A2D371001DC678 /* Air_Raid.xcdatamodeld */ = {
			isa = XCVersionGroup;
			children = (
				4FC6BAD319A2D371001DC678 /* Air_Raid.xcdatamodel */,
			);
			currentVersion = 4FC6BAD319A2D371001DC678 /* Air_Raid.xcdatamodel */;
			path = Air_Raid.xcdatamodeld;
			sourceTree = "<group>";
			versionGroupType = wrapper.xcdatamodel;
		};
/* End XCVersionGroup section */
	};
	rootObject = 4FC6BAB319A2D371001DC678 /* Project object */;
}
